{
  "name": "9.0 - Typescript para Angular",
  "lockfileVersion": 2,
  "requires": true,
  "packages": {
    "": {
      "devDependencies": {
        "typerscript": "^0.2.3"
      }
    },
    "node_modules/@types/react": {
      "version": "16.3.11",
      "resolved": "https://registry.npmjs.org/@types/react/-/react-16.3.11.tgz",
      "integrity": "sha512-F0ZqVldV6l7FObRPfkgXg4GwWJa4tGrh1glydmx+OMOdU4K5lUnh2rlj/4uO6RnuN2OBVCzo2XiyIifEZPkCXw==",
      "dev": true,
      "dependencies": {
        "csstype": "^2.2.0"
      }
    },
    "node_modules/csstype": {
      "version": "2.6.21",
      "resolved": "https://registry.npmjs.org/csstype/-/csstype-2.6.21.tgz",
      "integrity": "sha512-Z1PhmomIfypOpoMjRQB70jfvy/wxT50qW08YXO5lMIJkrdq4yOTR+AW7FqutScmB9NkLwxo+jU+kZLbofZZq/w==",
      "dev": true
    },
    "node_modules/free-style": {
      "version": "2.5.1",
      "resolved": "https://registry.npmjs.org/free-style/-/free-style-2.5.1.tgz",
      "integrity": "sha512-X7dtUSTrlS1KRQBtiQ618NWIRDdRgD91IeajKCSh0fgTqArSixv+n3ea6F/OSvrvg14tPLR+yCq2s+O602+pRw==",
      "dev": true,
      "peer": true
    },
    "node_modules/typerscript": {
      "version": "0.2.3",
      "resolved": "https://registry.npmjs.org/typerscript/-/typerscript-0.2.3.tgz",
      "integrity": "sha512-CUucff2vFKtVfBvukwI3D9Un1RSLHsnCKBlqJvqpSfib5PW9mFMUpaHce/seU5UqWv5yqVlkNdCH8vSw9ZY5fw==",
      "dev": true,
      "dependencies": {
        "@types/react": "16.3.11",
        "typescript": "^2.8.1"
      },
      "peerDependencies": {
        "typestyle": "1.5.1"
      }
    },
    "node_modules/typescript": {
      "version": "2.9.2",
      "resolved": "https://registry.npmjs.org/typescript/-/typescript-2.9.2.tgz",
      "integrity": "sha512-Gr4p6nFNaoufRIY4NMdpQRNmgxVIGMs4Fcu/ujdYk3nAZqk7supzBE9idmvfZIlH/Cuj//dvi+019qEue9lV0w==",
      "dev": true,
      "bin": {
        "tsc": "bin/tsc",
        "tsserver": "bin/tsserver"
      },
      "engines": {
        "node": ">=4.2.0"
      }
    },
    "node_modules/typestyle": {
      "version": "1.5.1",
      "resolved": "https://registry.npmjs.org/typestyle/-/typestyle-1.5.1.tgz",
      "integrity": "sha512-6V5qc2TqYUcsUAo3siKbyWOK4bJTknUDxiKk0qoel3USUDOeEw9YBvwHlmlZS8CuTQ0LKXLeI1nblQmytUBcqw==",
      "dev": true,
      "peer": true,
      "dependencies": {
        "free-style": "2.5.1"
      }
    }
  },
  "dependencies": {
    "@types/react": {
      "version": "16.3.11",
      "resolved": "https://registry.npmjs.org/@types/react/-/react-16.3.11.tgz",
      "integrity": "sha512-F0ZqVldV6l7FObRPfkgXg4GwWJa4tGrh1glydmx+OMOdU4K5lUnh2rlj/4uO6RnuN2OBVCzo2XiyIifEZPkCXw==",
      "dev": true,
      "requires": {
        "csstype": "^2.2.0"
      }
    },
    "csstype": {
      "version": "2.6.21",
      "resolved": "https://registry.npmjs.org/csstype/-/csstype-2.6.21.tgz",
      "integrity": "sha512-Z1PhmomIfypOpoMjRQB70jfvy/wxT50qW08YXO5lMIJkrdq4yOTR+AW7FqutScmB9NkLwxo+jU+kZLbofZZq/w==",
      "dev": true
    },
    "free-style": {
      "version": "2.5.1",
      "resolved": "https://registry.npmjs.org/free-style/-/free-style-2.5.1.tgz",
      "integrity": "sha512-X7dtUSTrlS1KRQBtiQ618NWIRDdRgD91IeajKCSh0fgTqArSixv+n3ea6F/OSvrvg14tPLR+yCq2s+O602+pRw==",
      "dev": true,
      "peer": true
    },
    "typerscript": {
      "version": "0.2.3",
      "resolved": "https://registry.npmjs.org/typerscript/-/typerscript-0.2.3.tgz",
      "integrity": "sha512-CUucff2vFKtVfBvukwI3D9Un1RSLHsnCKBlqJvqpSfib5PW9mFMUpaHce/seU5UqWv5yqVlkNdCH8vSw9ZY5fw==",
      "dev": true,
      "requires": {
        "@types/react": "16.3.11",
        "typescript": "^2.8.1"
      }
    },
    "typescript": {
      "version": "2.9.2",
      "resolved": "https://registry.npmjs.org/typescript/-/typescript-2.9.2.tgz",
      "integrity": "sha512-Gr4p6nFNaoufRIY4NMdpQRNmgxVIGMs4Fcu/ujdYk3nAZqk7supzBE9idmvfZIlH/Cuj//dvi+019qEue9lV0w==",
      "dev": true
    },
    "typestyle": {
      "version": "1.5.1",
      "resolved": "https://registry.npmjs.org/typestyle/-/typestyle-1.5.1.tgz",
      "integrity": "sha512-6V5qc2TqYUcsUAo3siKbyWOK4bJTknUDxiKk0qoel3USUDOeEw9YBvwHlmlZS8CuTQ0LKXLeI1nblQmytUBcqw==",
      "dev": true,
      "peer": true,
      "requires": {
        "free-style": "2.5.1"
      }
    }
  }
}
